
Microsoft Visual Studio Solution File, Format Version 12.00
# Visual Studio Version 17
VisualStudioVersion = 17.10.35013.160
MinimumVisualStudioVersion = 10.0.40219.1
Project("{FAE04EC0-301F-11D3-BF4B-00C04F79EFBC}") = "AccountATMApp", "AccountATMApp.csproj", "{8B72E6B7-8B97-4E4E-9DAD-F33A92EFF87C}"
EndProject
Global
	GlobalSection(SolutionConfigurationPlatforms) = preSolution
		Debug|Any CPU = Debug|Any CPU
		Release|Any CPU = Release|Any CPU
	EndGlobalSection
	GlobalSection(ProjectConfigurationPlatforms) = postSolution
		{8B72E6B7-8B97-4E4E-9DAD-F33A92EFF87C}.Debug|Any CPU.ActiveCfg = Debug|Any CPU
		{8B72E6B7-8B97-4E4E-9DAD-F33A92EFF87C}.Debug|Any CPU.Build.0 = Debug|Any CPU
		{8B72E6B7-8B97-4E4E-9DAD-F33A92EFF87C}.Release|Any CPU.ActiveCfg = Release|Any CPU
		{8B72E6B7-8B97-4E4E-9DAD-F33A92EFF87C}.Release|Any CPU.Build.0 = Release|Any CPU
	EndGlobalSection
	GlobalSection(SolutionProperties) = preSolution
		HideSolutionNode = FALSE
	EndGlobalSection
	GlobalSection(ExtensibilityGlobals) = postSolution
		SolutionGuid = {AFED7AB4-CD51-4301-B40B-43674739C055}
	EndGlobalSection
EndGlobal
